
Microsoft Visual Studio Solution File, Format Version 12.00
# Visual Studio 14
VisualStudioVersion = 14.0.25420.1
MinimumVisualStudioVersion = 10.0.40219.1
Project("{FAE04EC0-301F-11D3-BF4B-00C04F79EFBC}") = "Windows Forms 2", "Ejemplo2\Windows Forms 2.csproj", "{CA2B445E-2F27-4262-B0B3-EABD8D9F2A99}"
EndProject
Global
	GlobalSection(SolutionConfigurationPlatforms) = preSolution
		Debug|Any CPU = Debug|Any CPU
		Release|Any CPU = Release|Any CPU
	EndGlobalSection
	GlobalSection(ProjectConfigurationPlatforms) = postSolution
		{CA2B445E-2F27-4262-B0B3-EABD8D9F2A99}.Debug|Any CPU.ActiveCfg = Debug|Any CPU
		{CA2B445E-2F27-4262-B0B3-EABD8D9F2A99}.Debug|Any CPU.Build.0 = Debug|Any CPU
		{CA2B445E-2F27-4262-B0B3-EABD8D9F2A99}.Release|Any CPU.ActiveCfg = Release|Any CPU
		{CA2B445E-2F27-4262-B0B3-EABD8D9F2A99}.Release|Any CPU.Build.0 = Release|Any CPU
	EndGlobalSection
	GlobalSection(SolutionProperties) = preSolution
		HideSolutionNode = FALSE
	EndGlobalSection
EndGlobal
